
Microsoft Visual Studio Solution File, Format Version 12.00
# Visual Studio 14
VisualStudioVersion = 14.0.25123.0
MinimumVisualStudioVersion = 10.0.40219.1
Project("{FAE04EC0-301F-11D3-BF4B-00C04F79EFBC}") = "App1_android", "App1_android\App1_android.csproj", "{6B80BAB1-AC8B-4A93-A703-D51E2A29A76B}"
EndProject
Project("{FAE04EC0-301F-11D3-BF4B-00C04F79EFBC}") = "App1_iOS", "App1_iOS\App1_iOS.csproj", "{74B9A959-CB73-4FB4-B079-4AA6927A2F6A}"
EndProject
Global
	GlobalSection(SolutionConfigurationPlatforms) = preSolution
		Ad-Hoc|Any CPU = Ad-Hoc|Any CPU
		Ad-Hoc|iPhone = Ad-Hoc|iPhone
		Ad-Hoc|iPhoneSimulator = Ad-Hoc|iPhoneSimulator
		AppStore|Any CPU = AppStore|Any CPU
		AppStore|iPhone = AppStore|iPhone
		AppStore|iPhoneSimulator = AppStore|iPhoneSimulator
		Debug|Any CPU = Debug|Any CPU
		Debug|iPhone = Debug|iPhone
		Debug|iPhoneSimulator = Debug|iPhoneSimulator
		Release|Any CPU = Release|Any CPU
		Release|iPhone = Release|iPhone
		Release|iPhoneSimulator = Release|iPhoneSimulator
	EndGlobalSection
	GlobalSection(ProjectConfigurationPlatforms) = postSolution
		{6B80BAB1-AC8B-4A93-A703-D51E2A29A76B}.Ad-Hoc|Any CPU.ActiveCfg = Release|Any CPU
		{6B80BAB1-AC8B-4A93-A703-D51E2A29A76B}.Ad-Hoc|Any CPU.Build.0 = Release|Any CPU
		{6B80BAB1-AC8B-4A93-A703-D51E2A29A76B}.Ad-Hoc|Any CPU.Deploy.0 = Release|Any CPU
		{6B80BAB1-AC8B-4A93-A703-D51E2A29A76B}.Ad-Hoc|iPhone.ActiveCfg = Release|Any CPU
		{6B80BAB1-AC8B-4A93-A703-D51E2A29A76B}.Ad-Hoc|iPhone.Build.0 = Release|Any CPU
		{6B80BAB1-AC8B-4A93-A703-D51E2A29A76B}.Ad-Hoc|iPhone.Deploy.0 = Release|Any CPU
		{6B80BAB1-AC8B-4A93-A703-D51E2A29A76B}.Ad-Hoc|iPhoneSimulator.ActiveCfg = Release|Any CPU
		{6B80BAB1-AC8B-4A93-A703-D51E2A29A76B}.Ad-Hoc|iPhoneSimulator.Build.0 = Release|Any CPU
		{6B80BAB1-AC8B-4A93-A703-D51E2A29A76B}.Ad-Hoc|iPhoneSimulator.Deploy.0 = Release|Any CPU
		{6B80BAB1-AC8B-4A93-A703-D51E2A29A76B}.AppStore|Any CPU.ActiveCfg = Release|Any CPU
		{6B80BAB1-AC8B-4A93-A703-D51E2A29A76B}.AppStore|Any CPU.Build.0 = Release|Any CPU
		{6B80BAB1-AC8B-4A93-A703-D51E2A29A76B}.AppStore|Any CPU.Deploy.0 = Release|Any CPU
		{6B80BAB1-AC8B-4A93-A703-D51E2A29A76B}.AppStore|iPhone.ActiveCfg = Release|Any CPU
		{6B80BAB1-AC8B-4A93-A703-D51E2A29A76B}.AppStore|iPhone.Build.0 = Release|Any CPU
		{6B80BAB1-AC8B-4A93-A703-D51E2A29A76B}.AppStore|iPhone.Deploy.0 = Release|Any CPU
		{6B80BAB1-AC8B-4A93-A703-D51E2A29A76B}.AppStore|iPhoneSimulator.ActiveCfg = Release|Any CPU
		{6B80BAB1-AC8B-4A93-A703-D51E2A29A76B}.AppStore|iPhoneSimulator.Build.0 = Release|Any CPU
		{6B80BAB1-AC8B-4A93-A703-D51E2A29A76B}.AppStore|iPhoneSimulator.Deploy.0 = Release|Any CPU
		{6B80BAB1-AC8B-4A93-A703-D51E2A29A76B}.Debug|Any CPU.ActiveCfg = Debug|Any CPU
		{6B80BAB1-AC8B-4A93-A703-D51E2A29A76B}.Debug|Any CPU.Build.0 = Debug|Any CPU
		{6B80BAB1-AC8B-4A93-A703-D51E2A29A76B}.Debug|Any CPU.Deploy.0 = Debug|Any CPU
		{6B80BAB1-AC8B-4A93-A703-D51E2A29A76B}.Debug|iPhone.ActiveCfg = Debug|Any CPU
		{6B80BAB1-AC8B-4A93-A703-D51E2A29A76B}.Debug|iPhone.Build.0 = Debug|Any CPU
		{6B80BAB1-AC8B-4A93-A703-D51E2A29A76B}.Debug|iPhone.Deploy.0 = Debug|Any CPU
		{6B80BAB1-AC8B-4A93-A703-D51E2A29A76B}.Debug|iPhoneSimulator.ActiveCfg = Debug|Any CPU
		{6B80BAB1-AC8B-4A93-A703-D51E2A29A76B}.Debug|iPhoneSimulator.Build.0 = Debug|Any CPU
		{6B80BAB1-AC8B-4A93-A703-D51E2A29A76B}.Debug|iPhoneSimulator.Deploy.0 = Debug|Any CPU
		{6B80BAB1-AC8B-4A93-A703-D51E2A29A76B}.Release|Any CPU.ActiveCfg = Release|Any CPU
		{6B80BAB1-AC8B-4A93-A703-D51E2A29A76B}.Release|Any CPU.Build.0 = Release|Any CPU
		{6B80BAB1-AC8B-4A93-A703-D51E2A29A76B}.Release|Any CPU.Deploy.0 = Release|Any CPU
		{6B80BAB1-AC8B-4A93-A703-D51E2A29A76B}.Release|iPhone.ActiveCfg = Release|Any CPU
		{6B80BAB1-AC8B-4A93-A703-D51E2A29A76B}.Release|iPhone.Build.0 = Release|Any CPU
		{6B80BAB1-AC8B-4A93-A703-D51E2A29A76B}.Release|iPhone.Deploy.0 = Release|Any CPU
		{6B80BAB1-AC8B-4A93-A703-D51E2A29A76B}.Release|iPhoneSimulator.ActiveCfg = Release|Any CPU
		{6B80BAB1-AC8B-4A93-A703-D51E2A29A76B}.Release|iPhoneSimulator.Build.0 = Release|Any CPU
		{6B80BAB1-AC8B-4A93-A703-D51E2A29A76B}.Release|iPhoneSimulator.Deploy.0 = Release|Any CPU
		{74B9A959-CB73-4FB4-B079-4AA6927A2F6A}.Ad-Hoc|Any CPU.ActiveCfg = Ad-Hoc|iPhone
		{74B9A959-CB73-4FB4-B079-4AA6927A2F6A}.Ad-Hoc|iPhone.ActiveCfg = Ad-Hoc|iPhone
		{74B9A959-CB73-4FB4-B079-4AA6927A2F6A}.Ad-Hoc|iPhone.Build.0 = Ad-Hoc|iPhone
		{74B9A959-CB73-4FB4-B079-4AA6927A2F6A}.Ad-Hoc|iPhoneSimulator.ActiveCfg = Ad-Hoc|iPhoneSimulator
		{74B9A959-CB73-4FB4-B079-4AA6927A2F6A}.Ad-Hoc|iPhoneSimulator.Build.0 = Ad-Hoc|iPhoneSimulator
		{74B9A959-CB73-4FB4-B079-4AA6927A2F6A}.AppStore|Any CPU.ActiveCfg = AppStore|iPhone
		{74B9A959-CB73-4FB4-B079-4AA6927A2F6A}.AppStore|iPhone.ActiveCfg = AppStore|iPhone
		{74B9A959-CB73-4FB4-B079-4AA6927A2F6A}.AppStore|iPhone.Build.0 = AppStore|iPhone
		{74B9A959-CB73-4FB4-B079-4AA6927A2F6A}.AppStore|iPhoneSimulator.ActiveCfg = AppStore|iPhoneSimulator
		{74B9A959-CB73-4FB4-B079-4AA6927A2F6A}.AppStore|iPhoneSimulator.Build.0 = AppStore|iPhoneSimulator
		{74B9A959-CB73-4FB4-B079-4AA6927A2F6A}.Debug|Any CPU.ActiveCfg = Debug|iPhone
		{74B9A959-CB73-4FB4-B079-4AA6927A2F6A}.Debug|iPhone.ActiveCfg = Debug|iPhone
		{74B9A959-CB73-4FB4-B079-4AA6927A2F6A}.Debug|iPhone.Build.0 = Debug|iPhone
		{74B9A959-CB73-4FB4-B079-4AA6927A2F6A}.Debug|iPhoneSimulator.ActiveCfg = Debug|iPhoneSimulator
		{74B9A959-CB73-4FB4-B079-4AA6927A2F6A}.Debug|iPhoneSimulator.Build.0 = Debug|iPhoneSimulator
		{74B9A959-CB73-4FB4-B079-4AA6927A2F6A}.Release|Any CPU.ActiveCfg = Release|iPhone
		{74B9A959-CB73-4FB4-B079-4AA6927A2F6A}.Release|iPhone.ActiveCfg = Release|iPhone
		{74B9A959-CB73-4FB4-B079-4AA6927A2F6A}.Release|iPhone.Build.0 = Release|iPhone
		{74B9A959-CB73-4FB4-B079-4AA6927A2F6A}.Release|iPhoneSimulator.ActiveCfg = Release|iPhoneSimulator
		{74B9A959-CB73-4FB4-B079-4AA6927A2F6A}.Release|iPhoneSimulator.Build.0 = Release|iPhoneSimulator
	EndGlobalSection
	GlobalSection(SolutionProperties) = preSolution
		HideSolutionNode = FALSE
	EndGlobalSection
EndGlobal
